PODS:
  - AFNetworking (3.2.1):
    - AFNetworking/NSURLSession (= 3.2.1)
    - AFNetworking/Reachability (= 3.2.1)
    - AFNetworking/Security (= 3.2.1)
    - AFNetworking/Serialization (= 3.2.1)
    - AFNetworking/UIKit (= 3.2.1)
  - AFNetworking/NSURLSession (3.2.1):
    - AFNetworking/Reachability
    - AFNetworking/Security
    - AFNetworking/Serialization
  - AFNetworking/Reachability (3.2.1)
  - AFNetworking/Security (3.2.1)
  - AFNetworking/Serialization (3.2.1)
  - AFNetworking/UIKit (3.2.1):
    - AFNetworking/NSURLSession
  - Aspects (1.4.1)
  - Reveal-SDK (2)
  - TPFDebugTool (0.1.8):
    - Aspects (~> 1.4.1)

DEPENDENCIES:
  - AFNetworking
  - Reveal-SDK (~> 2)
  - TPFDebugTool (from `../`)

SPEC REPOS:
  https://github.com/CocoaPods/Specs.git:
    - AFNetworking
    - Aspects
    - Reveal-SDK

EXTERNAL SOURCES:
  TPFDebugTool:
    :path: "../"

SPEC CHECKSUMS:
  AFNetworking: b6f891fdfaed196b46c7a83cf209e09697b94057
  Aspects: 7595ba96a6727a58ebcbfc954497fc5d2fdde546
  Reveal-SDK: 4d36a47c7091843eee525b72219e005b90bbac0b
  TPFDebugTool: 2f6e5bc229dc2791a35af15c50c138fce721cc39

PODFILE CHECKSUM: a9f907b03952244d6110eba873ea3a243cae3005

COCOAPODS: 1.8.0
